// !$*UTF8*$!
{
	archiveVersion = 1;
	classes = {
	};
	objectVersion = 46;
	objects = {

/* Begin PBXBuildFile section */
		9A4F31281C124CBD00F5A475 /* main.m in Sources */ = {isa = PBXBuildFile; fileRef = 9A4F31271C124CBD00F5A475 /* main.m */; };
		9A4F312B1C124CBE00F5A475 /* AppDelegate.m in Sources */ = {isa = PBXBuildFile; fileRef = 9A4F312A1C124CBE00F5A475 /* AppDelegate.m */; };
		9A4F312E1C124CBE00F5A475 /* ViewController.m in Sources */ = {isa = PBXBuildFile; fileRef = 9A4F312D1C124CBE00F5A475 /* ViewController.m */; };
		9A4F31311C124CBE00F5A475 /* Main.storyboard in Resources */ = {isa = PBXBuildFile; fileRef = 9A4F312F1C124CBE00F5A475 /* Main.storyboard */; };
		9A4F31331C124CBE00F5A475 /* Images.xcassets in Resources */ = {isa = PBXBuildFile; fileRef = 9A4F31321C124CBE00F5A475 /* Images.xcassets */; };
		9A4F31361C124CBE00F5A475 /* LaunchScreen.xib in Resources */ = {isa = PBXBuildFile; fileRef = 9A4F31341C124CBE00F5A475 /* LaunchScreen.xib */; };
		9A4F31421C124CBF00F5A475 /* benchmarkingiOSTests.m in Sources */ = {isa = PBXBuildFile; fileRef = 9A4F31411C124CBF00F5A475 /* benchmarkingiOSTests.m */; };
/* End PBXBuildFile section */

/* Begin PBXContainerItemProxy section */
		9A4F313C1C124CBF00F5A475 /* PBXContainerItemProxy */ = {
			isa = PBXContainerItemProxy;
			containerPortal = 9A4F311A1C124CBB00F5A475 /* Project object */;
			proxyType = 1;
			remoteGlobalIDString = 9A4F31211C124CBC00F5A475;
			remoteInfo = benchmarkingiOS;
		};
/* End PBXContainerItemProxy section */

/* Begin PBXFileReference section */
		9A4F31221C124CBD00F5A475 /* benchmarkingiOS.app */ = {isa = PBXFileReference; explicitFileType = wrapper.application; includeInIndex = 0; path = benchmarkingiOS.app; sourceTree = BUILT_PRODUCTS_DIR; };
		9A4F31261C124CBD00F5A475 /* Info.plist */ = {isa = PBXFileReference; lastKnownFileType = text.plist.xml; path = Info.plist; sourceTree = "<group>"; };
		9A4F31271C124CBD00F5A475 /* main.m */ = {isa = PBXFileReference; lastKnownFileType = sourcecode.c.objc; path = main.m; sourceTree = "<group>"; };
		9A4F31291C124CBD00F5A475 /* AppDelegate.h */ = {isa = PBXFileReference; lastKnownFileType = sourcecode.c.h; path = AppDelegate.h; sourceTree = "<group>"; };
		9A4F312A1C124CBE00F5A475 /* AppDelegate.m */ = {isa = PBXFileReference; lastKnownFileType = sourcecode.c.objc; path = AppDelegate.m; sourceTree = "<group>"; };
		9A4F312C1C124CBE00F5A475 /* ViewController.h */ = {isa = PBXFileReference; lastKnownFileType = sourcecode.c.h; path = ViewController.h; sourceTree = "<group>"; };
		9A4F312D1C124CBE00F5A475 /* ViewController.m */ = {isa = PBXFileReference; lastKnownFileType = sourcecode.c.objc; path = ViewController.m; sourceTree = "<group>"; };
		9A4F31301C124CBE00F5A475 /* Base */ = {isa = PBXFileReference; lastKnownFileType = file.storyboard; name = Base; path = Base.lproj/Main.storyboard; sourceTree = "<group>"; };
		9A4F31321C124CBE00F5A475 /* Images.xcassets */ = {isa = PBXFileReference; lastKnownFileType = folder.assetcatalog; path = Images.xcassets; sourceTree = "<group>"; };
		9A4F31351C124CBE00F5A475 /* Base */ = {isa = PBXFileReference; lastKnownFileType = file.xib; name = Base; path = Base.lproj/LaunchScreen.xib; sourceTree = "<group>"; };
		9A4F313B1C124CBF00F5A475 /* benchmarkingiOSTests.xctest */ = {isa = PBXFileReference; explicitFileType = wrapper.cfbundle; includeInIndex = 0; path = benchmarkingiOSTests.xctest; sourceTree = BUILT_PRODUCTS_DIR; };
		9A4F31401C124CBF00F5A475 /* Info.plist */ = {isa = PBXFileReference; lastKnownFileType = text.plist.xml; path = Info.plist; sourceTree = "<group>"; };
		9A4F31411C124CBF00F5A475 /* benchmarkingiOSTests.m */ = {isa = PBXFileReference; lastKnownFileType = sourcecode.c.objc; path = benchmarkingiOSTests.m; sourceTree = "<group>"; };
/* End PBXFileReference section */

/* Begin PBXFrameworksBuildPhase section */
		9A4F311F1C124CBC00F5A475 /* Frameworks */ = {
			isa = PBXFrameworksBuildPhase;
			buildActionMask = 2147483647;
			files = (
			);
			runOnlyForDeploymentPostprocessing = 0;
		};
		9A4F31381C124CBF00F5A475 /* Frameworks */ = {
			isa = PBXFrameworksBuildPhase;
			buildActionMask = 2147483647;
			files = (
			);
			runOnlyForDeploymentPostprocessing = 0;
		};
/* End PBXFrameworksBuildPhase section */

/* Begin PBXGroup section */
		9A4F31191C124CBB00F5A475 = {
			isa = PBXGroup;
			children = (
				9A4F31241C124CBD00F5A475 /* benchmarkingiOS */,
				9A4F313E1C124CBF00F5A475 /* benchmarkingiOSTests */,
				9A4F31231C124CBD00F5A475 /* Products */,
			);
			sourceTree = "<group>";
		};
		9A4F31231C124CBD00F5A475 /* Products */ = {
			isa = PBXGroup;
			children = (
				9A4F31221C124CBD00F5A475 /* benchmarkingiOS.app */,
				9A4F313B1C124CBF00F5A475 /* benchmarkingiOSTests.xctest */,
			);
			name = Products;
			sourceTree = "<group>";
		};
		9A4F31241C124CBD00F5A475 /* benchmarkingiOS */ = {
			isa = PBXGroup;
			children = (
				9A4F31291C124CBD00F5A475 /* AppDelegate.h */,
				9A4F312A1C124CBE00F5A475 /* AppDelegate.m */,
				9A4F312C1C124CBE00F5A475 /* ViewController.h */,
				9A4F312D1C124CBE00F5A475 /* ViewController.m */,
				9A4F312F1C124CBE00F5A475 /* Main.storyboard */,
				9A4F31321C124CBE00F5A475 /* Images.xcassets */,
				9A4F31341C124CBE00F5A475 /* LaunchScreen.xib */,
				9A4F31251C124CBD00F5A475 /* Supporting Files */,
			);
			path = benchmarkingiOS;
			sourceTree = "<group>";
		};
		9A4F31251C124CBD00F5A475 /* Supporting Files */ = {
			isa = PBXGroup;
			children = (
				9A4F31261C124CBD00F5A475 /* Info.plist */,
				9A4F31271C124CBD00F5A475 /* main.m */,
			);
			name = "Supporting Files";
			sourceTree = "<group>";
		};
		9A4F313E1C124CBF00F5A475 /* benchmarkingiOSTests */ = {
			isa = PBXGroup;
			children = (
				9A4F31411C124CBF00F5A475 /* benchmarkingiOSTests.m */,
				9A4F313F1C124CBF00F5A475 /* Supporting Files */,
			);
			path = benchmarkingiOSTests;
			sourceTree = "<group>";
		};
		9A4F313F1C124CBF00F5A475 /* Supporting Files */ = {
			isa = PBXGroup;
			children = (
				9A4F31401C124CBF00F5A475 /* Info.plist */,
			);
			name = "Supporting Files";
			sourceTree = "<group>";
		};
/* End PBXGroup section */

/* Begin PBXNativeTarget section */
		9A4F31211C124CBC00F5A475 /* benchmarkingiOS */ = {
			isa = PBXNativeTarget;
			buildConfigurationList = 9A4F31451C124CBF00F5A475 /* Build configuration list for PBXNativeTarget "benchmarkingiOS" */;
			buildPhases = (
				9A4F311E1C124CBC00F5A475 /* Sources */,
				9A4F311F1C124CBC00F5A475 /* Frameworks */,
				9A4F31201C124CBC00F5A475 /* Resources */,
			);
			buildRules = (
			);
			dependencies = (
			);
			name = benchmarkingiOS;
			productName = benchmarkingiOS;
			productReference = 9A4F31221C124CBD00F5A475 /* benchmarkingiOS.app */;
			productType = "com.apple.product-type.application";
		};
		9A4F313A1C124CBF00F5A475 /* benchmarkingiOSTests */ = {
			isa = PBXNativeTarget;
			buildConfigurationList = 9A4F31481C124CBF00F5A475 /* Build configuration list for PBXNativeTarget "benchmarkingiOSTests" */;
			buildPhases = (
				9A4F31371C124CBF00F5A475 /* Sources */,
				9A4F31381C124CBF00F5A475 /* Frameworks */,
				9A4F31391C124CBF00F5A475 /* Resources */,
			);
			buildRules = (
			);
			dependencies = (
				9A4F313D1C124CBF00F5A475 /* PBXTargetDependency */,
			);
			name = benchmarkingiOSTests;
			productName = benchmarkingiOSTests;
			productReference = 9A4F313B1C124CBF00F5A475 /* benchmarkingiOSTests.xctest */;
			productType = "com.apple.product-type.bundle.unit-test";
		};
/* End PBXNativeTarget section */

/* Begin PBXProject section */
		9A4F311A1C124CBB00F5A475 /* Project object */ = {
			isa = PBXProject;
			attributes = {
				LastUpgradeCheck = 0640;
				ORGANIZATIONNAME = Chung;
				TargetAttributes = {
					9A4F31211C124CBC00F5A475 = {
						CreatedOnToolsVersion = 6.4;
					};
					9A4F313A1C124CBF00F5A475 = {
						CreatedOnToolsVersion = 6.4;
						TestTargetID = 9A4F31211C124CBC00F5A475;
					};
				};
			};
			buildConfigurationList = 9A4F311D1C124CBC00F5A475 /* Build configuration list for PBXProject "benchmarkingiOS" */;
			compatibilityVersion = "Xcode 3.2";
			developmentRegion = English;
			hasScannedForEncodings = 0;
			knownRegions = (
				en,
				Base,
			);
			mainGroup = 9A4F31191C124CBB00F5A475;
			productRefGroup = 9A4F31231C124CBD00F5A475 /* Products */;
			projectDirPath = "";
			projectRoot = "";
			targets = (
				9A4F31211C124CBC00F5A475 /* benchmarkingiOS */,
				9A4F313A1C124CBF00F5A475 /* benchmarkingiOSTests */,
			);
		};
/* End PBXProject section */

/* Begin PBXResourcesBuildPhase section */
		9A4F31201C124CBC00F5A475 /* Resources */ = {
			isa = PBXResourcesBuildPhase;
			buildActionMask = 2147483647;
			files = (
				9A4F31311C124CBE00F5A475 /* Main.storyboard in Resources */,
				9A4F31361C124CBE00F5A475 /* LaunchScreen.xib in Resources */,
				9A4F31331C124CBE00F5A475 /* Images.xcassets in Resources */,
			);
			runOnlyForDeploymentPostprocessing = 0;
		};
		9A4F31391C124CBF00F5A475 /* Resources */ = {
			isa = PBXResourcesBuildPhase;
			buildActionMask = 2147483647;
			files = (
			);
			runOnlyForDeploymentPostprocessing = 0;
		};
/* End PBXResourcesBuildPhase section */

/* Begin PBXSourcesBuildPhase section */
		9A4F311E1C124CBC00F5A475 /* Sources */ = {
			isa = PBXSourcesBuildPhase;
			buildActionMask = 2147483647;
			files = (
				9A4F312E1C124CBE00F5A475 /* ViewController.m in Sources */,
				9A4F312B1C124CBE00F5A475 /* AppDelegate.m in Sources */,
				9A4F31281C124CBD00F5A475 /* main.m in Sources */,
			);
			runOnlyForDeploymentPostprocessing = 0;
		};
		9A4F31371C124CBF00F5A475 /* Sources */ = {
			isa = PBXSourcesBuildPhase;
			buildActionMask = 2147483647;
			files = (
				9A4F31421C124CBF00F5A475 /* benchmarkingiOSTests.m in Sources */,
			);
			runOnlyForDeploymentPostprocessing = 0;
		};
/* End PBXSourcesBuildPhase section */

/* Begin PBXTargetDependency section */
		9A4F313D1C124CBF00F5A475 /* PBXTargetDependency */ = {
			isa = PBXTargetDependency;
			target = 9A4F31211C124CBC00F5A475 /* benchmarkingiOS */;
			targetProxy = 9A4F313C1C124CBF00F5A475 /* PBXContainerItemProxy */;
		};
/* End PBXTargetDependency section */

/* Begin PBXVariantGroup section */
		9A4F312F1C124CBE00F5A475 /* Main.storyboard */ = {
			isa = PBXVariantGroup;
			children = (
				9A4F31301C124CBE00F5A475 /* Base */,
			);
			name = Main.storyboard;
			sourceTree = "<group>";
		};
		9A4F31341C124CBE00F5A475 /* LaunchScreen.xib */ = {
			isa = PBXVariantGroup;
			children = (
				9A4F31351C124CBE00F5A475 /* Base */,
			);
			name = LaunchScreen.xib;
			sourceTree = "<group>";
		};
/* End PBXVariantGroup section */

/* Begin XCBuildConfiguration section */
		9A4F31431C124CBF00F5A475 /* Debug */ = {
			isa = XCBuildConfiguration;
			buildSettings = {
				ALWAYS_SEARCH_USER_PATHS = NO;
				CLANG_CXX_LANGUAGE_STANDARD = "gnu++0x";
				CLANG_CXX_LIBRARY = "libc++";
				CLANG_ENABLE_MODULES = YES;
				CLANG_ENABLE_OBJC_ARC = YES;
				CLANG_WARN_BOOL_CONVERSION = YES;
				CLANG_WARN_CONSTANT_CONVERSION = YES;
				CLANG_WARN_DIRECT_OBJC_ISA_USAGE = YES_ERROR;
				CLANG_WARN_EMPTY_BODY = YES;
				CLANG_WARN_ENUM_CONVERSION = YES;
				CLANG_WARN_INT_CONVERSION = YES;
				CLANG_WARN_OBJC_ROOT_CLASS = YES_ERROR;
				CLANG_WARN_UNREACHABLE_CODE = YES;
				CLANG_WARN__DUPLICATE_METHOD_MATCH = YES;
				"CODE_SIGN_IDENTITY[sdk=iphoneos*]" = "iPhone Developer";
				COPY_PHASE_STRIP = NO;
				DEBUG_INFORMATION_FORMAT = "dwarf-with-dsym";
				ENABLE_STRICT_OBJC_MSGSEND = YES;
				GCC_C_LANGUAGE_STANDARD = gnu99;
				GCC_DYNAMIC_NO_PIC = NO;
				GCC_NO_COMMON_BLOCKS = YES;
				GCC_OPTIMIZATION_LEVEL = 0;
				GCC_PREPROCESSOR_DEFINITIONS = (
					"DEBUG=1",
					"$(inherited)",
				);
				GCC_SYMBOLS_PRIVATE_EXTERN = NO;
				GCC_WARN_64_TO_32_BIT_CONVERSION = YES;
				GCC_WARN_ABOUT_RETURN_TYPE = YES_ERROR;
				GCC_WARN_UNDECLARED_SELECTOR = YES;
				GCC_WARN_UNINITIALIZED_AUTOS = YES_AGGRESSIVE;
				GCC_WARN_UNUSED_FUNCTION = YES;
				GCC_WARN_UNUSED_VARIABLE = YES;
				IPHONEOS_DEPLOYMENT_TARGET = 8.4;
				MTL_ENABLE_DEBUG_INFO = YES;
				ONLY_ACTIVE_ARCH = YES;
				SDKROOT = iphoneos;
				TARGETED_DEVICE_FAMILY = "1,2";
			};
			name = Debug;
		};
		9A4F31441C124CBF00F5A475 /* Release */ = {
			isa = XCBuildConfiguration;
			buildSettings = {
				ALWAYS_SEARCH_USER_PATHS = NO;
				CLANG_CXX_LANGUAGE_STANDARD = "gnu++0x";
				CLANG_CXX_LIBRARY = "libc++";
				CLANG_ENABLE_MODULES = YES;
				CLANG_ENABLE_OBJC_ARC = YES;
				CLANG_WARN_BOOL_CONVERSION = YES;
				CLANG_WARN_CONSTANT_CONVERSION = YES;
				CLANG_WARN_DIRECT_OBJC_ISA_USAGE = YES_ERROR;
				CLANG_WARN_EMPTY_BODY = YES;
				CLANG_WARN_ENUM_CONVERSION = YES;
				CLANG_WARN_INT_CONVERSION = YES;
				CLANG_WARN_OBJC_ROOT_CLASS = YES_ERROR;
				CLANG_WARN_UNREACHABLE_CODE = YES;
				CLANG_WARN__DUPLICATE_METHOD_MATCH = YES;
				"CODE_SIGN_IDENTITY[sdk=iphoneos*]" = "iPhone Developer";
				COPY_PHASE_STRIP = NO;
				DEBUG_INFORMATION_FORMAT = "dwarf-with-dsym";
				ENABLE_NS_ASSERTIONS = NO;
				ENABLE_STRICT_OBJC_MSGSEND = YES;
				GCC_C_LANGUAGE_STANDARD = gnu99;
				GCC_NO_COMMON_BLOCKS = YES;
				GCC_WARN_64_TO_32_BIT_CONVERSION = YES;
				GCC_WARN_ABOUT_RETURN_TYPE = YES_ERROR;
				GCC_WARN_UNDECLARED_SELECTOR = YES;
				GCC_WARN_UNINITIALIZED_AUTOS = YES_AGGRESSIVE;
				GCC_WARN_UNUSED_FUNCTION = YES;
				GCC_WARN_UNUSED_VARIABLE = YES;
				IPHONEOS_DEPLOYMENT_TARGET = 8.4;
				MTL_ENABLE_DEBUG_INFO = NO;
				SDKROOT = iphoneos;
				TARGETED_DEVICE_FAMILY = "1,2";
				VALIDATE_PRODUCT = YES;
			};
			name = Release;
		};
		9A4F31461C124CBF00F5A475 /* Debug */ = {
			isa = XCBuildConfiguration;
			buildSettings = {
				ASSETCATALOG_COMPILER_APPICON_NAME = AppIcon;
				INFOPLIST_FILE = benchmarkingiOS/Info.plist;
				LD_RUNPATH_SEARCH_PATHS = "$(inherited) @executable_path/Frameworks";
				PRODUCT_NAME = "$(TARGET_NAME)";
			};
			name = Debug;
		};
		9A4F31471C124CBF00F5A475 /* Release */ = {
			isa = XCBuildConfiguration;
			buildSettings = {
				ASSETCATALOG_COMPILER_APPICON_NAME = AppIcon;
				INFOPLIST_FILE = benchmarkingiOS/Info.plist;
				LD_RUNPATH_SEARCH_PATHS = "$(inherited) @executable_path/Frameworks";
				PRODUCT_NAME = "$(TARGET_NAME)";
			};
			name = Release;
		};
		9A4F31491C124CBF00F5A475 /* Debug */ = {
			isa = XCBuildConfiguration;
			buildSettings = {
				BUNDLE_LOADER = "$(TEST_HOST)";
				FRAMEWORK_SEARCH_PATHS = (
					"$(SDKROOT)/Developer/Library/Frameworks",
					"$(inherited)",
				);
				GCC_PREPROCESSOR_DEFINITIONS = (
					"DEBUG=1",
					"$(inherited)",
				);
				INFOPLIST_FILE = benchmarkingiOSTests/Info.plist;
				LD_RUNPATH_SEARCH_PATHS = "$(inherited) @executable_path/Frameworks @loader_path/Frameworks";
				PRODUCT_NAME = "$(TARGET_NAME)";
				TEST_HOST = "$(BUILT_PRODUCTS_DIR)/benchmarkingiOS.app/benchmarkingiOS";
			};
			name = Debug;
		};
		9A4F314A1C124CBF00F5A475 /* Release */ = {
			isa = XCBuildConfiguration;
			buildSettings = {
				BUNDLE_LOADER = "$(TEST_HOST)";
				FRAMEWORK_SEARCH_PATHS = (
					"$(SDKROOT)/Developer/Library/Frameworks",
					"$(inherited)",
				);
				INFOPLIST_FILE = benchmarkingiOSTests/Info.plist;
				LD_RUNPATH_SEARCH_PATHS = "$(inherited) @executable_path/Frameworks @loader_path/Frameworks";
				PRODUCT_NAME = "$(TARGET_NAME)";
				TEST_HOST = "$(BUILT_PRODUCTS_DIR)/benchmarkingiOS.app/benchmarkingiOS";
			};
			name = Release;
		};
/* End XCBuildConfiguration section */

/* Begin XCConfigurationList section */
		9A4F311D1C124CBC00F5A475 /* Build configuration list for PBXProject "benchmarkingiOS" */ = {
			isa = XCConfigurationList;
			buildConfigurations = (
				9A4F31431C124CBF00F5A475 /* Debug */,
				9A4F31441C124CBF00F5A475 /* Release */,
			);
			defaultConfigurationIsVisible = 0;
			defaultConfigurationName = Release;
		};
		9A4F31451C124CBF00F5A475 /* Build configuration list for PBXNativeTarget "benchmarkingiOS" */ = {
			isa = XCConfigurationList;
			buildConfigurations = (
				9A4F31461C124CBF00F5A475 /* Debug */,
				9A4F31471C124CBF00F5A475 /* Release */,
			);
			defaultConfigurationIsVisible = 0;
		};
		9A4F31481C124CBF00F5A475 /* Build configuration list for PBXNativeTarget "benchmarkingiOSTests" */ = {
			isa = XCConfigurationList;
			buildConfigurations = (
				9A4F31491C124CBF00F5A475 /* Debug */,
				9A4F314A1C124CBF00F5A475 /* Release */,
			);
			defaultConfigurationIsVisible = 0;
		};
/* End XCConfigurationList section */
	};
	rootObject = 9A4F311A1C124CBB00F5A475 /* Project object */;
}
